// !$*UTF8*$!
{
	archiveVersion = 1;
	classes = {
	};
	objectVersion = 48;
	objects = {

/* Begin PBXBuildFile section */
		1634739620F9CF870035427E /* AppDelegate.swift in Sources */ = {isa = PBXBuildFile; fileRef = 1634739520F9CF870035427E /* AppDelegate.swift */; };
		1634739820F9CF870035427E /* MainViewController.swift in Sources */ = {isa = PBXBuildFile; fileRef = 1634739720F9CF870035427E /* MainViewController.swift */; };
		1634739B20F9CF870035427E /* Main.storyboard in Resources */ = {isa = PBXBuildFile; fileRef = 1634739920F9CF870035427E /* Main.storyboard */; };
		1634739D20F9CF870035427E /* Assets.xcassets in Resources */ = {isa = PBXBuildFile; fileRef = 1634739C20F9CF870035427E /* Assets.xcassets */; };
		163473A020F9CF870035427E /* LaunchScreen.storyboard in Resources */ = {isa = PBXBuildFile; fileRef = 1634739E20F9CF870035427E /* LaunchScreen.storyboard */; };
		1656A5E52104ADD300524B9E /* NewQuestionVC.swift in Sources */ = {isa = PBXBuildFile; fileRef = 1656A5E42104ADD300524B9E /* NewQuestionVC.swift */; };
		1656A5E72104CC5F00524B9E /* Question.swift in Sources */ = {isa = PBXBuildFile; fileRef = 1656A5E62104CC5F00524B9E /* Question.swift */; };
		1656A5EE2104CDDE00524B9E /* Quiz.swift in Sources */ = {isa = PBXBuildFile; fileRef = 1656A5ED2104CDDE00524B9E /* Quiz.swift */; };
		166DCBFF21070BA900E48987 /* Choice.swift in Sources */ = {isa = PBXBuildFile; fileRef = 166DCBFE21070BA900E48987 /* Choice.swift */; };
		166DCC0321071EBE00E48987 /* SelectQuizTVC.swift in Sources */ = {isa = PBXBuildFile; fileRef = 166DCC0221071EBE00E48987 /* SelectQuizTVC.swift */; };
		166DCC052107239700E48987 /* SelectQuizTVCell.swift in Sources */ = {isa = PBXBuildFile; fileRef = 166DCC042107239700E48987 /* SelectQuizTVCell.swift */; };
		166DCC0721072D7300E48987 /* QuizTaken.swift in Sources */ = {isa = PBXBuildFile; fileRef = 166DCC0621072D7300E48987 /* QuizTaken.swift */; };
		5A72A5BD724A1E6953A93AAB /* Pods_Quizzey.framework in Frameworks */ = {isa = PBXBuildFile; fileRef = BFF6E795EE3E865FDB40FF50 /* Pods_Quizzey.framework */; };
/* End PBXBuildFile section */

/* Begin PBXFileReference section */
		1634739220F9CF870035427E /* Quizzey.app */ = {isa = PBXFileReference; explicitFileType = wrapper.application; includeInIndex = 0; path = Quizzey.app; sourceTree = BUILT_PRODUCTS_DIR; };
		1634739520F9CF870035427E /* AppDelegate.swift */ = {isa = PBXFileReference; lastKnownFileType = sourcecode.swift; path = AppDelegate.swift; sourceTree = "<group>"; };
		1634739720F9CF870035427E /* MainViewController.swift */ = {isa = PBXFileReference; lastKnownFileType = sourcecode.swift; path = MainViewController.swift; sourceTree = "<group>"; };
		1634739A20F9CF870035427E /* Base */ = {isa = PBXFileReference; lastKnownFileType = file.storyboard; name = Base; path = Base.lproj/Main.storyboard; sourceTree = "<group>"; };
		1634739C20F9CF870035427E /* Assets.xcassets */ = {isa = PBXFileReference; lastKnownFileType = folder.assetcatalog; path = Assets.xcassets; sourceTree = "<group>"; };
		1634739F20F9CF870035427E /* Base */ = {isa = PBXFileReference; lastKnownFileType = file.storyboard; name = Base; path = Base.lproj/LaunchScreen.storyboard; sourceTree = "<group>"; };
		163473A120F9CF870035427E /* Info.plist */ = {isa = PBXFileReference; lastKnownFileType = text.plist.xml; path = Info.plist; sourceTree = "<group>"; };
		1656A5E42104ADD300524B9E /* NewQuestionVC.swift */ = {isa = PBXFileReference; lastKnownFileType = sourcecode.swift; path = NewQuestionVC.swift; sourceTree = "<group>"; };
		1656A5E62104CC5F00524B9E /* Question.swift */ = {isa = PBXFileReference; lastKnownFileType = sourcecode.swift; path = Question.swift; sourceTree = "<group>"; };
		1656A5ED2104CDDE00524B9E /* Quiz.swift */ = {isa = PBXFileReference; lastKnownFileType = sourcecode.swift; path = Quiz.swift; sourceTree = "<group>"; };
		166DCBFE21070BA900E48987 /* Choice.swift */ = {isa = PBXFileReference; lastKnownFileType = sourcecode.swift; path = Choice.swift; sourceTree = "<group>"; };
		166DCC0221071EBE00E48987 /* SelectQuizTVC.swift */ = {isa = PBXFileReference; lastKnownFileType = sourcecode.swift; path = SelectQuizTVC.swift; sourceTree = "<group>"; };
		166DCC042107239700E48987 /* SelectQuizTVCell.swift */ = {isa = PBXFileReference; lastKnownFileType = sourcecode.swift; path = SelectQuizTVCell.swift; sourceTree = "<group>"; };
		166DCC0621072D7300E48987 /* QuizTaken.swift */ = {isa = PBXFileReference; lastKnownFileType = sourcecode.swift; name = QuizTaken.swift; path = Quizzey/Controller/QuizTaken.swift; sourceTree = SOURCE_ROOT; };
		43F4B4771F4AA6DC7274F035 /* Pods-Quizzey.release.xcconfig */ = {isa = PBXFileReference; includeInIndex = 1; lastKnownFileType = text.xcconfig; name = "Pods-Quizzey.release.xcconfig"; path = "Pods/Target Support Files/Pods-Quizzey/Pods-Quizzey.release.xcconfig"; sourceTree = "<group>"; };
		BFF6E795EE3E865FDB40FF50 /* Pods_Quizzey.framework */ = {isa = PBXFileReference; explicitFileType = wrapper.framework; includeInIndex = 0; path = Pods_Quizzey.framework; sourceTree = BUILT_PRODUCTS_DIR; };
		CB8B65DE4ACDD227826F4027 /* Pods-Quizzey.debug.xcconfig */ = {isa = PBXFileReference; includeInIndex = 1; lastKnownFileType = text.xcconfig; name = "Pods-Quizzey.debug.xcconfig"; path = "Pods/Target Support Files/Pods-Quizzey/Pods-Quizzey.debug.xcconfig"; sourceTree = "<group>"; };
/* End PBXFileReference section */

/* Begin PBXFrameworksBuildPhase section */
		1634738F20F9CF870035427E /* Frameworks */ = {
			isa = PBXFrameworksBuildPhase;
			buildActionMask = 2147483647;
			files = (
				5A72A5BD724A1E6953A93AAB /* Pods_Quizzey.framework in Frameworks */,
			);
			runOnlyForDeploymentPostprocessing = 0;
		};
/* End PBXFrameworksBuildPhase section */

/* Begin PBXGroup section */
		1634738920F9CF870035427E = {
			isa = PBXGroup;
			children = (
				1634739420F9CF870035427E /* Quizzey */,
				1634739320F9CF870035427E /* Products */,
				7AAB2B96BDA4D4FE94B1D26B /* Pods */,
				69E586154F226D98629DE88D /* Frameworks */,
			);
			sourceTree = "<group>";
		};
		1634739320F9CF870035427E /* Products */ = {
			isa = PBXGroup;
			children = (
				1634739220F9CF870035427E /* Quizzey.app */,
			);
			name = Products;
			sourceTree = "<group>";
		};
		1634739420F9CF870035427E /* Quizzey */ = {
			isa = PBXGroup;
			children = (
				1634739520F9CF870035427E /* AppDelegate.swift */,
				1656A5E82104CC6500524B9E /* Model */,
				1656A5E92104CC6D00524B9E /* View */,
				1656A5EA2104CC8600524B9E /* Controller */,
				163473A120F9CF870035427E /* Info.plist */,
			);
			path = Quizzey;
			sourceTree = "<group>";
		};
		1656A5E82104CC6500524B9E /* Model */ = {
			isa = PBXGroup;
			children = (
				1656A5ED2104CDDE00524B9E /* Quiz.swift */,
				1656A5E62104CC5F00524B9E /* Question.swift */,
				166DCBFE21070BA900E48987 /* Choice.swift */,
				166DCC042107239700E48987 /* SelectQuizTVCell.swift */,
			);
			path = Model;
			sourceTree = "<group>";
		};
		1656A5E92104CC6D00524B9E /* View */ = {
			isa = PBXGroup;
			children = (
				1634739C20F9CF870035427E /* Assets.xcassets */,
				1634739E20F9CF870035427E /* LaunchScreen.storyboard */,
				1634739920F9CF870035427E /* Main.storyboard */,
			);
			path = View;
			sourceTree = "<group>";
		};
		1656A5EA2104CC8600524B9E /* Controller */ = {
			isa = PBXGroup;
			children = (
				1634739720F9CF870035427E /* MainViewController.swift */,
				166DCC0221071EBE00E48987 /* SelectQuizTVC.swift */,
				166DCC0621072D7300E48987 /* QuizTaken.swift */,
				1656A5E42104ADD300524B9E /* NewQuestionVC.swift */,
			);
			path = Controller;
			sourceTree = "<group>";
		};
		69E586154F226D98629DE88D /* Frameworks */ = {
			isa = PBXGroup;
			children = (
				BFF6E795EE3E865FDB40FF50 /* Pods_Quizzey.framework */,
			);
			name = Frameworks;
			sourceTree = "<group>";
		};
		7AAB2B96BDA4D4FE94B1D26B /* Pods */ = {
			isa = PBXGroup;
			children = (
				CB8B65DE4ACDD227826F4027 /* Pods-Quizzey.debug.xcconfig */,
				43F4B4771F4AA6DC7274F035 /* Pods-Quizzey.release.xcconfig */,
			);
			name = Pods;
			sourceTree = "<group>";
		};
/* End PBXGroup section */

/* Begin PBXNativeTarget section */
		1634739120F9CF870035427E /* Quizzey */ = {
			isa = PBXNativeTarget;
			buildConfigurationList = 163473A420F9CF870035427E /* Build configuration list for PBXNativeTarget "Quizzey" */;
			buildPhases = (
				6418B179415CA7770EBD80EC /* [CP] Check Pods Manifest.lock */,
				1634738E20F9CF870035427E /* Sources */,
				1634738F20F9CF870035427E /* Frameworks */,
				1634739020F9CF870035427E /* Resources */,
				9F6A32AF7FCE4A7D29BB1089 /* [CP] Embed Pods Frameworks */,
			);
			buildRules = (
			);
			dependencies = (
			);
			name = Quizzey;
			productName = Quizzey;
			productReference = 1634739220F9CF870035427E /* Quizzey.app */;
			productType = "com.apple.product-type.application";
		};
/* End PBXNativeTarget section */

/* Begin PBXProject section */
		1634738A20F9CF870035427E /* Project object */ = {
			isa = PBXProject;
			attributes = {
				LastSwiftUpdateCheck = 0920;
				LastUpgradeCheck = 0920;
				ORGANIZATIONNAME = "Ashwani  Agrawal";
				TargetAttributes = {
					1634739120F9CF870035427E = {
						CreatedOnToolsVersion = 9.2;
						ProvisioningStyle = Automatic;
					};
				};
			};
			buildConfigurationList = 1634738D20F9CF870035427E /* Build configuration list for PBXProject "Quizzey" */;
			compatibilityVersion = "Xcode 8.0";
			developmentRegion = en;
			hasScannedForEncodings = 0;
			knownRegions = (
				en,
				Base,
			);
			mainGroup = 1634738920F9CF870035427E;
			productRefGroup = 1634739320F9CF870035427E /* Products */;
			projectDirPath = "";
			projectRoot = "";
			targets = (
				1634739120F9CF870035427E /* Quizzey */,
			);
		};
/* End PBXProject section */

/* Begin PBXResourcesBuildPhase section */
		1634739020F9CF870035427E /* Resources */ = {
			isa = PBXResourcesBuildPhase;
			buildActionMask = 2147483647;
			files = (
				163473A020F9CF870035427E /* LaunchScreen.storyboard in Resources */,
				1634739D20F9CF870035427E /* Assets.xcassets in Resources */,
				1634739B20F9CF870035427E /* Main.storyboard in Resources */,
			);
			runOnlyForDeploymentPostprocessing = 0;
		};
/* End PBXResourcesBuildPhase section */

/* Begin PBXShellScriptBuildPhase section */
		6418B179415CA7770EBD80EC /* [CP] Check Pods Manifest.lock */ = {
			isa = PBXShellScriptBuildPhase;
			buildActionMask = 2147483647;
			files = (
			);
			inputPaths = (
				"${PODS_PODFILE_DIR_PATH}/Podfile.lock",
				"${PODS_ROOT}/Manifest.lock",
			);
			name = "[CP] Check Pods Manifest.lock";
			outputPaths = (
				"$(DERIVED_FILE_DIR)/Pods-Quizzey-checkManifestLockResult.txt",
			);
			runOnlyForDeploymentPostprocessing = 0;
			shellPath = /bin/sh;
			shellScript = "diff \"${PODS_PODFILE_DIR_PATH}/Podfile.lock\" \"${PODS_ROOT}/Manifest.lock\" > /dev/null\nif [ $? != 0 ] ; then\n    # print error to STDERR\n    echo \"error: The sandbox is not in sync with the Podfile.lock. Run 'pod install' or update your CocoaPods installation.\" >&2\n    exit 1\nfi\n# This output is used by Xcode 'outputs' to avoid re-running this script phase.\necho \"SUCCESS\" > \"${SCRIPT_OUTPUT_FILE_0}\"\n";
			showEnvVarsInLog = 0;
		};
		9F6A32AF7FCE4A7D29BB1089 /* [CP] Embed Pods Frameworks */ = {
			isa = PBXShellScriptBuildPhase;
			buildActionMask = 2147483647;
			files = (
			);
			inputPaths = (
				"${SRCROOT}/Pods/Target Support Files/Pods-Quizzey/Pods-Quizzey-frameworks.sh",
				"${BUILT_PRODUCTS_DIR}/Realm/Realm.framework",
				"${BUILT_PRODUCTS_DIR}/RealmSwift/RealmSwift.framework",
			);
			name = "[CP] Embed Pods Frameworks";
			outputPaths = (
				"${TARGET_BUILD_DIR}/${FRAMEWORKS_FOLDER_PATH}/Realm.framework",
				"${TARGET_BUILD_DIR}/${FRAMEWORKS_FOLDER_PATH}/RealmSwift.framework",
			);
			runOnlyForDeploymentPostprocessing = 0;
			shellPath = /bin/sh;
			shellScript = "\"${SRCROOT}/Pods/Target Support Files/Pods-Quizzey/Pods-Quizzey-frameworks.sh\"\n";
			showEnvVarsInLog = 0;
		};
/* End PBXShellScriptBuildPhase section */

/* Begin PBXSourcesBuildPhase section */
		1634738E20F9CF870035427E /* Sources */ = {
			isa = PBXSourcesBuildPhase;
			buildActionMask = 2147483647;
			files = (
				166DCC0321071EBE00E48987 /* SelectQuizTVC.swift in Sources */,
				166DCBFF21070BA900E48987 /* Choice.swift in Sources */,
				1634739820F9CF870035427E /* MainViewController.swift in Sources */,
				1656A5EE2104CDDE00524B9E /* Quiz.swift in Sources */,
				166DCC052107239700E48987 /* SelectQuizTVCell.swift in Sources */,
				1656A5E72104CC5F00524B9E /* Question.swift in Sources */,
				166DCC0721072D7300E48987 /* QuizTaken.swift in Sources */,
				1634739620F9CF870035427E /* AppDelegate.swift in Sources */,
				1656A5E52104ADD300524B9E /* NewQuestionVC.swift in Sources */,
			);
			runOnlyForDeploymentPostprocessing = 0;
		};
/* End PBXSourcesBuildPhase section */

/* Begin PBXVariantGroup section */
		1634739920F9CF870035427E /* Main.storyboard */ = {
			isa = PBXVariantGroup;
			children = (
				1634739A20F9CF870035427E /* Base */,
			);
			name = Main.storyboard;
			sourceTree = "<group>";
		};
		1634739E20F9CF870035427E /* LaunchScreen.storyboard */ = {
			isa = PBXVariantGroup;
			children = (
				1634739F20F9CF870035427E /* Base */,
			);
			name = LaunchScreen.storyboard;
			sourceTree = "<group>";
		};
/* End PBXVariantGroup section */

/* Begin XCBuildConfiguration section */
		163473A220F9CF870035427E /* Debug */ = {
			isa = XCBuildConfiguration;
			buildSettings = {
				ALWAYS_SEARCH_USER_PATHS = NO;
				CLANG_ANALYZER_NONNULL = YES;
				CLANG_ANALYZER_NUMBER_OBJECT_CONVERSION = YES_AGGRESSIVE;
				CLANG_CXX_LANGUAGE_STANDARD = "gnu++14";
				CLANG_CXX_LIBRARY = "libc++";
				CLANG_ENABLE_MODULES = YES;
				CLANG_ENABLE_OBJC_ARC = YES;
				CLANG_WARN_BLOCK_CAPTURE_AUTORELEASING = YES;
				CLANG_WARN_BOOL_CONVERSION = YES;
				CLANG_WARN_COMMA = YES;
				CLANG_WARN_CONSTANT_CONVERSION = YES;
				CLANG_WARN_DIRECT_OBJC_ISA_USAGE = YES_ERROR;
				CLANG_WARN_DOCUMENTATION_COMMENTS = YES;
				CLANG_WARN_EMPTY_BODY = YES;
				CLANG_WARN_ENUM_CONVERSION = YES;
				CLANG_WARN_INFINITE_RECURSION = YES;
				CLANG_WARN_INT_CONVERSION = YES;
				CLANG_WARN_NON_LITERAL_NULL_CONVERSION = YES;
				CLANG_WARN_OBJC_LITERAL_CONVERSION = YES;
				CLANG_WARN_OBJC_ROOT_CLASS = YES_ERROR;
				CLANG_WARN_RANGE_LOOP_ANALYSIS = YES;
				CLANG_WARN_STRICT_PROTOTYPES = YES;
				CLANG_WARN_SUSPICIOUS_MOVE = YES;
				CLANG_WARN_UNGUARDED_AVAILABILITY = YES_AGGRESSIVE;
				CLANG_WARN_UNREACHABLE_CODE = YES;
				CLANG_WARN__DUPLICATE_METHOD_MATCH = YES;
				CODE_SIGN_IDENTITY = "iPhone Developer";
				COPY_PHASE_STRIP = NO;
				DEBUG_INFORMATION_FORMAT = dwarf;
				ENABLE_STRICT_OBJC_MSGSEND = YES;
				ENABLE_TESTABILITY = YES;
				GCC_C_LANGUAGE_STANDARD = gnu11;
				GCC_DYNAMIC_NO_PIC = NO;
				GCC_NO_COMMON_BLOCKS = YES;
				GCC_OPTIMIZATION_LEVEL = 0;
				GCC_PREPROCESSOR_DEFINITIONS = (
					"DEBUG=1",
					"$(inherited)",
				);
				GCC_WARN_64_TO_32_BIT_CONVERSION = YES;
				GCC_WARN_ABOUT_RETURN_TYPE = YES_ERROR;
				GCC_WARN_UNDECLARED_SELECTOR = YES;
				GCC_WARN_UNINITIALIZED_AUTOS = YES_AGGRESSIVE;
				GCC_WARN_UNUSED_FUNCTION = YES;
				GCC_WARN_UNUSED_VARIABLE = YES;
				IPHONEOS_DEPLOYMENT_TARGET = 11.2;
				MTL_ENABLE_DEBUG_INFO = YES;
				ONLY_ACTIVE_ARCH = YES;
				SDKROOT = iphoneos;
				SWIFT_ACTIVE_COMPILATION_CONDITIONS = DEBUG;
				SWIFT_OPTIMIZATION_LEVEL = "-Onone";
			};
			name = Debug;
		};
		163473A320F9CF870035427E /* Release */ = {
			isa = XCBuildConfiguration;
			buildSettings = {
				ALWAYS_SEARCH_USER_PATHS = NO;
				CLANG_ANALYZER_NONNULL = YES;
				CLANG_ANALYZER_NUMBER_OBJECT_CONVERSION = YES_AGGRESSIVE;
				CLANG_CXX_LANGUAGE_STANDARD = "gnu++14";
				CLANG_CXX_LIBRARY = "libc++";
				CLANG_ENABLE_MODULES = YES;
				CLANG_ENABLE_OBJC_ARC = YES;
				CLANG_WARN_BLOCK_CAPTURE_AUTORELEASING = YES;
				CLANG_WARN_BOOL_CONVERSION = YES;
				CLANG_WARN_COMMA = YES;
				CLANG_WARN_CONSTANT_CONVERSION = YES;
				CLANG_WARN_DIRECT_OBJC_ISA_USAGE = YES_ERROR;
				CLANG_WARN_DOCUMENTATION_COMMENTS = YES;
				CLANG_WARN_EMPTY_BODY = YES;
				CLANG_WARN_ENUM_CONVERSION = YES;
				CLANG_WARN_INFINITE_RECURSION = YES;
				CLANG_WARN_INT_CONVERSION = YES;
				CLANG_WARN_NON_LITERAL_NULL_CONVERSION = YES;
				CLANG_WARN_OBJC_LITERAL_CONVERSION = YES;
				CLANG_WARN_OBJC_ROOT_CLASS = YES_ERROR;
				CLANG_WARN_RANGE_LOOP_ANALYSIS = YES;
				CLANG_WARN_STRICT_PROTOTYPES = YES;
				CLANG_WARN_SUSPICIOUS_MOVE = YES;
				CLANG_WARN_UNGUARDED_AVAILABILITY = YES_AGGRESSIVE;
				CLANG_WARN_UNREACHABLE_CODE = YES;
				CLANG_WARN__DUPLICATE_METHOD_MATCH = YES;
				CODE_SIGN_IDENTITY = "iPhone Developer";
				COPY_PHASE_STRIP = NO;
				DEBUG_INFORMATION_FORMAT = "dwarf-with-dsym";
				ENABLE_NS_ASSERTIONS = NO;
				ENABLE_STRICT_OBJC_MSGSEND = YES;
				GCC_C_LANGUAGE_STANDARD = gnu11;
				GCC_NO_COMMON_BLOCKS = YES;
				GCC_WARN_64_TO_32_BIT_CONVERSION = YES;
				GCC_WARN_ABOUT_RETURN_TYPE = YES_ERROR;
				GCC_WARN_UNDECLARED_SELECTOR = YES;
				GCC_WARN_UNINITIALIZED_AUTOS = YES_AGGRESSIVE;
				GCC_WARN_UNUSED_FUNCTION = YES;
				GCC_WARN_UNUSED_VARIABLE = YES;
				IPHONEOS_DEPLOYMENT_TARGET = 11.2;
				MTL_ENABLE_DEBUG_INFO = NO;
				SDKROOT = iphoneos;
				SWIFT_OPTIMIZATION_LEVEL = "-Owholemodule";
				VALIDATE_PRODUCT = YES;
			};
			name = Release;
		};
		163473A520F9CF870035427E /* Debug */ = {
			isa = XCBuildConfiguration;
			baseConfigurationReference = CB8B65DE4ACDD227826F4027 /* Pods-Quizzey.debug.xcconfig */;
			buildSettings = {
				ASSETCATALOG_COMPILER_APPICON_NAME = AppIcon;
				CODE_SIGN_STYLE = Automatic;
				DEVELOPMENT_TEAM = 69744E344A;
				INFOPLIST_FILE = Quizzey/Info.plist;
				LD_RUNPATH_SEARCH_PATHS = "$(inherited) @executable_path/Frameworks";
				PRODUCT_BUNDLE_IDENTIFIER = learn.Quizzey;
				PRODUCT_NAME = "$(TARGET_NAME)";
				SWIFT_VERSION = 4.0;
				TARGETED_DEVICE_FAMILY = "1,2";
			};
			name = Debug;
		};
		163473A620F9CF870035427E /* Release */ = {
			isa = XCBuildConfiguration;
			baseConfigurationReference = 43F4B4771F4AA6DC7274F035 /* Pods-Quizzey.release.xcconfig */;
			buildSettings = {
				ASSETCATALOG_COMPILER_APPICON_NAME = AppIcon;
				CODE_SIGN_STYLE = Automatic;
				DEVELOPMENT_TEAM = 69744E344A;
				INFOPLIST_FILE = Quizzey/Info.plist;
				LD_RUNPATH_SEARCH_PATHS = "$(inherited) @executable_path/Frameworks";
				PRODUCT_BUNDLE_IDENTIFIER = learn.Quizzey;
				PRODUCT_NAME = "$(TARGET_NAME)";
				SWIFT_VERSION = 4.0;
				TARGETED_DEVICE_FAMILY = "1,2";
			};
			name = Release;
		};
/* End XCBuildConfiguration section */

/* Begin XCConfigurationList section */
		1634738D20F9CF870035427E /* Build configuration list for PBXProject "Quizzey" */ = {
			isa = XCConfigurationList;
			buildConfigurations = (
				163473A220F9CF870035427E /* Debug */,
				163473A320F9CF870035427E /* Release */,
			);
			defaultConfigurationIsVisible = 0;
			defaultConfigurationName = Release;
		};
		163473A420F9CF870035427E /* Build configuration list for PBXNativeTarget "Quizzey" */ = {
			isa = XCConfigurationList;
			buildConfigurations = (
				163473A520F9CF870035427E /* Debug */,
				163473A620F9CF870035427E /* Release */,
			);
			defaultConfigurationIsVisible = 0;
			defaultConfigurationName = Release;
		};
/* End XCConfigurationList section */
	};
	rootObject = 1634738A20F9CF870035427E /* Project object */;
}
